<?xml version="1.0" encoding="utf-8"?>
<Project ToolsVersion="4.0" xmlns="http://schemas.microsoft.com/developer/msbuild/2003">
  <ItemGroup>
    <Filter Include="Source Files">
      <UniqueIdentifier>{4FC737F1-C7A5-4376-A066-2A32D752A2FF}</UniqueIdentifier>
      <Extensions>cpp;c;cc;cxx;def;odl;idl;hpj;bat;asm;asmx</Extensions>
    </Filter>
    <Filter Include="Source Files\Control">
      <UniqueIdentifier>{52b92536-5a49-45fd-a93c-1b02c215bb45}</UniqueIdentifier>
    </Filter>
    <Filter Include="Header Files">
      <UniqueIdentifier>{93995380-89BD-4b04-88EB-625FBE52EBFB}</UniqueIdentifier>
      <Extensions>h;hpp;hxx;hm;inl;inc;xsd</Extensions>
    </Filter>
    <Filter Include="Header Files\Control">
      <UniqueIdentifier>{d065be22-3ef4-4bbf-b71e-ea5d9cec14a8}</UniqueIdentifier>
    </Filter>
    <Filter Include="Generated Files">
      <UniqueIdentifier>{71ED8ED8-ACB9-4CE9-BBE1-E00B30144E11}</UniqueIdentifier>
      <Extensions>moc;h;cpp</Extensions>
      <ParseFiles>true</ParseFiles>
    </Filter>
    <Filter Include="Form Files">
      <UniqueIdentifier>{99349809-55BA-4b9d-BF79-8FDBB0286EB3}</UniqueIdentifier>
      <Extensions>ui</Extensions>
      <ParseFiles>true</ParseFiles>
    </Filter>
  </ItemGroup>
  <ItemGroup>
    <ClCompile Include="src\Balance_control.cpp">
      <Filter>Source Files\Control</Filter>
    </ClCompile>
    <ClCompile Include="src\CCD_algorithm.cpp">
      <Filter>Source Files</Filter>
    </ClCompile>
    <ClCompile Include="src\Character.cpp">
      <Filter>Source Files</Filter>
    </ClCompile>
    <ClCompile Include="src\Controller_interface.cpp">
      <Filter>Source Files\Control</Filter>
    </ClCompile>
    <ClCompile Include="src\ConUtils.cpp">
      <Filter>Source Files</Filter>
    </ClCompile>
    <ClCompile Include="src\Fsm_state.cpp">
      <Filter>Source Files</Filter>
    </ClCompile>
    <ClCompile Include="src\Muscle_controller.cpp">
      <Filter>Source Files\Control</Filter>
    </ClCompile>
    <ClCompile Include="src\Pelvis_pose_control.cpp">
      <Filter>Source Files\Control</Filter>
    </ClCompile>
    <ClCompile Include="src\Pose_controller.cpp">
      <Filter>Source Files</Filter>
    </ClCompile>
    <ClCompile Include="src\SimBiCon.cpp">
      <Filter>Source Files\Control</Filter>
    </ClCompile>
    <ClCompile Include="src\SimGlobals.cpp">
      <Filter>Source Files</Filter>
    </ClCompile>
    <ClCompile Include="src\Swing_foot_controller.cpp">
      <Filter>Source Files\Control</Filter>
    </ClCompile>
    <ClCompile Include="src\Two_link_ik.cpp">
      <Filter>Source Files</Filter>
    </ClCompile>
    <ClCompile Include="src\Velocity_controller.cpp">
      <Filter>Source Files\Control</Filter>
    </ClCompile>
    <ClCompile Include="src\Angles_viewer.cpp">
      <Filter>Source Files</Filter>
    </ClCompile>
    <ClCompile Include="src\Angular_acceleration.cpp">
      <Filter>Source Files</Filter>
    </ClCompile>
    <ClCompile Include="src\Angular_velocities.cpp">
      <Filter>Source Files</Filter>
    </ClCompile>
    <ClCompile Include="src\Arb_angular_velocities.cpp">
      <Filter>Source Files</Filter>
    </ClCompile>
    <ClCompile Include="src\Feet_viewer.cpp">
      <Filter>Source Files</Filter>
    </ClCompile>
    <ClCompile Include="src\Gait_analyzer.cpp">
      <Filter>Source Files</Filter>
    </ClCompile>
    <ClCompile Include="src\Joint_info_viewer.cpp">
      <Filter>Source Files</Filter>
    </ClCompile>
    <ClCompile Include="src\Model.cpp">
      <Filter>Source Files</Filter>
    </ClCompile>
    <ClCompile Include="src\Position_viewer.cpp">
      <Filter>Source Files</Filter>
    </ClCompile>
    <ClCompile Include="src\Subject_interface.cpp">
      <Filter>Source Files</Filter>
    </ClCompile>
    <ClCompile Include="src\Velocities_viewer.cpp">
      <Filter>Source Files</Filter>
    </ClCompile>
    <ClCompile Include="src\AbstractRBEngine.cpp">
      <Filter>Source Files</Filter>
    </ClCompile>
    <ClCompile Include="src\Articulated_figure.cpp">
      <Filter>Source Files</Filter>
    </ClCompile>
    <ClCompile Include="src\ArticulatedRigidBody.cpp">
      <Filter>Source Files</Filter>
    </ClCompile>
    <ClCompile Include="src\BallInSocketJoint.cpp">
      <Filter>Source Files</Filter>
    </ClCompile>
    <ClCompile Include="src\BoxCDP.cpp">
      <Filter>Source Files</Filter>
    </ClCompile>
    <ClCompile Include="src\CapsuleCDP.cpp">
      <Filter>Source Files</Filter>
    </ClCompile>
    <ClCompile Include="src\Constant.cpp">
      <Filter>Source Files</Filter>
    </ClCompile>
    <ClCompile Include="src\Custom_joint.cpp">
      <Filter>Source Files</Filter>
    </ClCompile>
    <ClCompile Include="src\HingeJoint.cpp">
      <Filter>Source Files</Filter>
    </ClCompile>
    <ClCompile Include="src\Joint.cpp">
      <Filter>Source Files</Filter>
    </ClCompile>
    <ClCompile Include="src\Linear_function.cpp">
      <Filter>Source Files</Filter>
    </ClCompile>
    <ClCompile Include="src\Muscle.cpp">
      <Filter>Source Files</Filter>
    </ClCompile>
    <ClCompile Include="src\MuscleTendonUnit.cpp">
      <Filter>Source Files</Filter>
    </ClCompile>
    <ClCompile Include="src\Ode_world.cpp">
      <Filter>Source Files</Filter>
    </ClCompile>
    <ClCompile Include="src\PlaneCDP.cpp">
      <Filter>Source Files</Filter>
    </ClCompile>
    <ClCompile Include="src\PreCollisionQuery.cpp">
      <Filter>Source Files</Filter>
    </ClCompile>
    <ClCompile Include="src\RBUtils.cpp">
      <Filter>Source Files</Filter>
    </ClCompile>
    <ClCompile Include="src\Rigid_body.cpp">
      <Filter>Source Files</Filter>
    </ClCompile>
    <ClCompile Include="src\Simm_spline.cpp">
      <Filter>Source Files</Filter>
    </ClCompile>
    <ClCompile Include="src\SphereCDP.cpp">
      <Filter>Source Files</Filter>
    </ClCompile>
    <ClCompile Include="src\StiffJoint.cpp">
      <Filter>Source Files</Filter>
    </ClCompile>
    <ClCompile Include="src\TransformAxis.cpp">
      <Filter>Source Files</Filter>
    </ClCompile>
    <ClCompile Include="src\TriMeshCDP.cpp">
      <Filter>Source Files</Filter>
    </ClCompile>
    <ClCompile Include="src\UniversalJoint.cpp">
      <Filter>Source Files</Filter>
    </ClCompile>
    <ClCompile Include="src\Analyzer_thread.cpp">
      <Filter>Source Files</Filter>
    </ClCompile>
    <ClCompile Include="src\Learning_framework.cpp">
      <Filter>Source Files</Filter>
    </ClCompile>
    <ClCompile Include="src\main.cpp">
      <Filter>Source Files</Filter>
    </ClCompile>
    <ClCompile Include="src\My_qopengl_widget.cpp">
      <Filter>Source Files</Filter>
    </ClCompile>
    <ClCompile Include="src\OptimizationFramework.cpp">
      <Filter>Source Files</Filter>
    </ClCompile>
    <ClCompile Include="src\QtGui.cpp">
      <Filter>Source Files</Filter>
    </ClCompile>
    <ClCompile Include="src\SimBiCon_framework.cpp">
      <Filter>Source Files</Filter>
    </ClCompile>
    <ClCompile Include="src\Simulation_thread.cpp">
      <Filter>Source Files</Filter>
    </ClCompile>
    <ClCompile Include="src\Observer_interface.cpp">
      <Filter>Source Files</Filter>
    </ClCompile>
    <ClCompile Include="src\Viewer_interface.cpp">
      <Filter>Source Files</Filter>
    </ClCompile>
  </ItemGroup>
  <ItemGroup>
    <ClInclude Include="src\Balance_control.h">
      <Filter>Header Files\Control</Filter>
    </ClInclude>
    <ClInclude Include="src\CCD_algorithm.h">
      <Filter>Header Files</Filter>
    </ClInclude>
    <ClInclude Include="src\Character.h">
      <Filter>Header Files</Filter>
    </ClInclude>
    <ClInclude Include="src\Controller_interface.h">
      <Filter>Header Files\Control</Filter>
    </ClInclude>
    <ClInclude Include="src\ConUtils.h">
      <Filter>Header Files</Filter>
    </ClInclude>
    <ClInclude Include="src\Fsm_state.h">
      <Filter>Header Files</Filter>
    </ClInclude>
    <ClInclude Include="src\Muscle_controller.h">
      <Filter>Header Files\Control</Filter>
    </ClInclude>
    <ClInclude Include="src\Pelvis_pose_control.h">
      <Filter>Header Files\Control</Filter>
    </ClInclude>
    <ClInclude Include="src\Pose_controller.h">
      <Filter>Header Files</Filter>
    </ClInclude>
    <ClInclude Include="src\Reduced_character_state.h">
      <Filter>Header Files</Filter>
    </ClInclude>
    <ClInclude Include="src\SimBiCon.h">
      <Filter>Header Files\Control</Filter>
    </ClInclude>
    <ClInclude Include="src\SimGlobals.h">
      <Filter>Header Files</Filter>
    </ClInclude>
    <ClInclude Include="src\Swing_foot_controller.h">
      <Filter>Header Files\Control</Filter>
    </ClInclude>
    <ClInclude Include="src\Trajectory.h">
      <Filter>Header Files</Filter>
    </ClInclude>
    <ClInclude Include="src\Two_link_ik.h">
      <Filter>Header Files</Filter>
    </ClInclude>
    <ClInclude Include="src\Velocity_controller.h">
      <Filter>Header Files\Control</Filter>
    </ClInclude>
    <ClInclude Include="src\Angles_viewer.h">
      <Filter>Header Files</Filter>
    </ClInclude>
    <ClInclude Include="src\Angular_acceleration.h">
      <Filter>Header Files</Filter>
    </ClInclude>
    <ClInclude Include="src\Angular_velocities.h">
      <Filter>Header Files</Filter>
    </ClInclude>
    <ClInclude Include="src\Arb_angular_velocities.h">
      <Filter>Header Files</Filter>
    </ClInclude>
    <ClInclude Include="src\Feet_viewer.h">
      <Filter>Header Files</Filter>
    </ClInclude>
    <ClInclude Include="src\Gait_analyzer.h">
      <Filter>Header Files</Filter>
    </ClInclude>
    <ClInclude Include="src\Joint_info_viewer.h">
      <Filter>Header Files</Filter>
    </ClInclude>
    <ClInclude Include="src\Model.h">
      <Filter>Header Files</Filter>
    </ClInclude>
    <ClInclude Include="src\Position_viewer.h">
      <Filter>Header Files</Filter>
    </ClInclude>
    <ClInclude Include="src\Velocities_viewer.h">
      <Filter>Header Files</Filter>
    </ClInclude>
    <ClInclude Include="src\AbstractRBEngine.h">
      <Filter>Header Files</Filter>
    </ClInclude>
    <ClInclude Include="src\Articulated_figure.h">
      <Filter>Header Files</Filter>
    </ClInclude>
    <ClInclude Include="src\ArticulatedRigidBody.h">
      <Filter>Header Files</Filter>
    </ClInclude>
    <ClInclude Include="src\BallInSocketJoint.h">
      <Filter>Header Files</Filter>
    </ClInclude>
    <ClInclude Include="src\BoxCDP.h">
      <Filter>Header Files</Filter>
    </ClInclude>
    <ClInclude Include="src\CapsuleCDP.h">
      <Filter>Header Files</Filter>
    </ClInclude>
    <ClInclude Include="src\CollisionDetectionPrimitive.h">
      <Filter>Header Files</Filter>
    </ClInclude>
    <ClInclude Include="src\Constant.h">
      <Filter>Header Files</Filter>
    </ClInclude>
    <ClInclude Include="src\ContactPoint.h">
      <Filter>Header Files</Filter>
    </ClInclude>
    <ClInclude Include="src\Coordinate.h">
      <Filter>Header Files</Filter>
    </ClInclude>
    <ClInclude Include="src\Custom_joint.h">
      <Filter>Header Files</Filter>
    </ClInclude>
    <ClInclude Include="src\Force_utilitary.h">
      <Filter>Header Files</Filter>
    </ClInclude>
    <ClInclude Include="src\Function.h">
      <Filter>Header Files</Filter>
    </ClInclude>
    <ClInclude Include="src\HingeJoint.h">
      <Filter>Header Files</Filter>
    </ClInclude>
    <ClInclude Include="src\Joint.h">
      <Filter>Header Files</Filter>
    </ClInclude>
    <ClInclude Include="src\Linear_function.h">
      <Filter>Header Files</Filter>
    </ClInclude>
    <ClInclude Include="src\Muscle.h">
      <Filter>Header Files</Filter>
    </ClInclude>
    <ClInclude Include="src\MuscleTendonUnit.h">
      <Filter>Header Files</Filter>
    </ClInclude>
    <ClInclude Include="src\Ode_world.h">
      <Filter>Header Files</Filter>
    </ClInclude>
    <ClInclude Include="src\PlaneCDP.h">
      <Filter>Header Files</Filter>
    </ClInclude>
    <ClInclude Include="src\PreCollisionQuery.h">
      <Filter>Header Files</Filter>
    </ClInclude>
    <ClInclude Include="src\RBUtils.h">
      <Filter>Header Files</Filter>
    </ClInclude>
    <ClInclude Include="src\Rigid_body.h">
      <Filter>Header Files</Filter>
    </ClInclude>
    <ClInclude Include="src\Simm_spline.h">
      <Filter>Header Files</Filter>
    </ClInclude>
    <ClInclude Include="src\SphereCDP.h">
      <Filter>Header Files</Filter>
    </ClInclude>
    <ClInclude Include="src\StiffJoint.h">
      <Filter>Header Files</Filter>
    </ClInclude>
    <ClInclude Include="src\TransformAxis.h">
      <Filter>Header Files</Filter>
    </ClInclude>
    <ClInclude Include="src\TriMeshCDP.h">
      <Filter>Header Files</Filter>
    </ClInclude>
    <ClInclude Include="src\UniversalJoint.h">
      <Filter>Header Files</Filter>
    </ClInclude>
    <ClInclude Include="src\SimBiCon_framework.h">
      <Filter>Header Files</Filter>
    </ClInclude>
    <ClInclude Include="src\Observer_interface.h">
      <Filter>Header Files</Filter>
    </ClInclude>
    <ClInclude Include="src\Subject_interface.h">
      <Filter>Header Files</Filter>
    </ClInclude>
    <ClInclude Include="src\Viewer_interface.h">
      <Filter>Header Files</Filter>
    </ClInclude>
  </ItemGroup>
  <ItemGroup>
    <QtMoc Include="src\Analyzer_thread.h">
      <Filter>Header Files</Filter>
    </QtMoc>
    <QtMoc Include="src\Learning_framework.h">
      <Filter>Header Files</Filter>
    </QtMoc>
    <QtMoc Include="src\My_qopengl_widget.h">
      <Filter>Header Files</Filter>
    </QtMoc>
    <QtMoc Include="src\OptimizationFramework.h">
      <Filter>Header Files</Filter>
    </QtMoc>
    <QtMoc Include="src\QtGui.h">
      <Filter>Header Files</Filter>
    </QtMoc>
    <QtMoc Include="src\Simulation_thread.h">
      <Filter>Header Files</Filter>
    </QtMoc>
  </ItemGroup>
  <ItemGroup>
    <QtUic Include="src\Viewer_widget_form.ui">
      <Filter>Form Files</Filter>
    </QtUic>
    <QtUic Include="src\Qt_gui.ui">
      <Filter>Form Files</Filter>
    </QtUic>
  </ItemGroup>
</Project>